# THIS IS AN AUTOGENERATED FILE. DO NOT EDIT THIS FILE DIRECTLY.
# yarn lockfile v1


react-native-sensors@^5.3.2:
  version "5.3.2"
  resolved "https://registry.yarnpkg.com/react-native-sensors/-/react-native-sensors-5.3.2.tgz#59981a0482ba1236ec69a4e9de104fa1f4a2c52b"
  integrity sha512-73PxkyN3qDKGOBOe42UrsDGbdwlBDxr6iFDdwDO2KW8s3kkIm3wYa5RRKVnow1D2YNaGUdkAtIS9jwJtpTMVpQ==
  dependencies:
    rxjs ">= 6"

"rxjs@>= 6":
  version "6.5.3"
  resolved "https://registry.yarnpkg.com/rxjs/-/rxjs-6.5.3.tgz#510e26317f4db91a7eb1de77d9dd9ba0a4899a3a"
  integrity sha512-wuYsAYYFdWTAnAaPoKGNhfpWwKZbJW+HgAJ+mImp+Epl7BG8oNWBCTyRM8gba9k4lk8BgWdoYm21Mo/RYhhbgA==
  dependencies:
    tslib "^1.9.0"

tslib@^1.9.0:
  version "1.10.0"
  resolved "https://registry.yarnpkg.com/tslib/-/tslib-1.10.0.tgz#c3c19f95973fb0a62973fb09d90d961ee43e5c8a"
  integrity sha512-qOebF53frne81cf0S9B41ByenJ3/IuH8yJKngAX35CmiZySA0khhkovshKK+jGCaMnVomla7gVlIcc3EvKPbTQ==
